{
  "originHash" : "a8f4b07f2fcece3615f65582ad3ce069cdd10c7d63bacf7dc7ae703c57876da2",
  "pins" : [
    {
      "identity" : "alerttoast?tab=readme-ov-file",
      "kind" : "remoteSourceControl",
      "location" : "https://github.com/elai950/AlertToast?tab=readme-ov-file",
      "state" : {
        "revision" : "b39252eacd159904afd7d718bba0afabb87f2f2f",
        "version" : "1.3.9"
      }
    },
    {
      "identity" : "zipfoundation",
      "kind" : "remoteSourceControl",
      "location" : "https://github.com/weichsel/ZIPFoundation.git",
      "state" : {
        "revision" : "02b6abe5f6eef7e3cbd5f247c5cc24e246efcfe0",
        "version" : "0.9.19"
      }
    }
  ],
  "version" : 3
}
